PODS:
  - LDXImagePicker (1.0.0):
    - MBProgressHUD
  - MBProgressHUD (1.2.0)

DEPENDENCIES:
  - LDXImagePicker (from `LDXImagePicker/`)

SPEC REPOS:
  trunk:
    - MBProgressHUD

EXTERNAL SOURCES:
  LDXImagePicker:
    :path: LDXImagePicker/

SPEC CHECKSUMS:
  LDXImagePicker: bfff201f6f529a65d1bb155902f47d9dc6df701a
  MBProgressHUD: 3ee5efcc380f6a79a7cc9b363dd669c5e1ae7406

PODFILE CHECKSUM: 9201a623c73616ca20a56a309b4e63e27c8c27ca

COCOAPODS: 1.11.2
